
Microsoft Visual Studio Solution File, Format Version 12.00
# Visual Studio Express 2013 for Windows Desktop
VisualStudioVersion = 12.0.21005.1
MinimumVisualStudioVersion = 10.0.40219.1
Project("{FAE04EC0-301F-11D3-BF4B-00C04F79EFBC}") = "ZstShowtime", "ZstShowtime\ZstShowtime.csproj", "{62ED8430-5263-442D-9D2F-62B92E9DC528}"
	ProjectSection(ProjectDependencies) = postProject
		{12D3FB9F-85B8-4FFA-AA2B-F21187F4C7A0} = {12D3FB9F-85B8-4FFA-AA2B-F21187F4C7A0}
		{A9AE40FF-1A21-414A-9FE7-3BE13644CC6D} = {A9AE40FF-1A21-414A-9FE7-3BE13644CC6D}
	EndProjectSection
EndProject
Project("{FAE04EC0-301F-11D3-BF4B-00C04F79EFBC}") = "NetMQ_Vs2008", "..\..\..\netmq\src\NetMQ\NetMQ_Vs2008.csproj", "{12D3FB9F-85B8-4FFA-AA2B-F21187F4C7A0}"
EndProject
Project("{FAE04EC0-301F-11D3-BF4B-00C04F79EFBC}") = "Newtonsoft.Json.Net35", "..\..\..\Newtonsoft.Json\Src\Newtonsoft.Json\Newtonsoft.Json.Net35.csproj", "{A9AE40FF-1A21-414A-9FE7-3BE13644CC6D}"
EndProject
Project("{FAE04EC0-301F-11D3-BF4B-00C04F79EFBC}") = "ZstTestClient", "ZstTestClient\ZstTestClient.csproj", "{246588D3-1C3E-4E82-98D5-69DA8FF76DA5}"
EndProject
Project("{FAE04EC0-301F-11D3-BF4B-00C04F79EFBC}") = "ZstStage", "ZstStage\ZstStage.csproj", "{CA5A98DC-0E4F-4B99-9277-CCA429310109}"
	ProjectSection(ProjectDependencies) = postProject
		{62ED8430-5263-442D-9D2F-62B92E9DC528} = {62ED8430-5263-442D-9D2F-62B92E9DC528}
		{12D3FB9F-85B8-4FFA-AA2B-F21187F4C7A0} = {12D3FB9F-85B8-4FFA-AA2B-F21187F4C7A0}
		{A9AE40FF-1A21-414A-9FE7-3BE13644CC6D} = {A9AE40FF-1A21-414A-9FE7-3BE13644CC6D}
	EndProjectSection
EndProject
Project("{FAE04EC0-301F-11D3-BF4B-00C04F79EFBC}") = "ZstGetSongLayout", "ZstGetSongLayout\ZstGetSongLayout.csproj", "{18D7CF69-9112-49B8-8A4E-2A07094F46FF}"
EndProject
Project("{FAE04EC0-301F-11D3-BF4B-00C04F79EFBC}") = "FissureGloves", "FissureGloves\FissureGloves.csproj", "{F022438B-480E-488A-A168-A9939BE72D3C}"
	ProjectSection(ProjectDependencies) = postProject
		{A9AE40FF-1A21-414A-9FE7-3BE13644CC6D} = {A9AE40FF-1A21-414A-9FE7-3BE13644CC6D}
	EndProjectSection
EndProject
Global
	GlobalSection(SolutionConfigurationPlatforms) = preSolution
		Debug Static Lib|Any CPU = Debug Static Lib|Any CPU
		Debug Static Lib|Mixed Platforms = Debug Static Lib|Mixed Platforms
		Debug Static Lib|Win32 = Debug Static Lib|Win32
		Debug Static Lib|x64 = Debug Static Lib|x64
		Debug|Any CPU = Debug|Any CPU
		Debug|Mixed Platforms = Debug|Mixed Platforms
		Debug|Win32 = Debug|Win32
		Debug|x64 = Debug|x64
		Release Static Lib|Any CPU = Release Static Lib|Any CPU
		Release Static Lib|Mixed Platforms = Release Static Lib|Mixed Platforms
		Release Static Lib|Win32 = Release Static Lib|Win32
		Release Static Lib|x64 = Release Static Lib|x64
		Release|Any CPU = Release|Any CPU
		Release|Mixed Platforms = Release|Mixed Platforms
		Release|Win32 = Release|Win32
		Release|x64 = Release|x64
	EndGlobalSection
	GlobalSection(ProjectConfigurationPlatforms) = postSolution
		{62ED8430-5263-442D-9D2F-62B92E9DC528}.Debug Static Lib|Any CPU.ActiveCfg = Debug|Any CPU
		{62ED8430-5263-442D-9D2F-62B92E9DC528}.Debug Static Lib|Any CPU.Build.0 = Debug|Any CPU
		{62ED8430-5263-442D-9D2F-62B92E9DC528}.Debug Static Lib|Mixed Platforms.ActiveCfg = Debug|Any CPU
		{62ED8430-5263-442D-9D2F-62B92E9DC528}.Debug Static Lib|Mixed Platforms.Build.0 = Debug|Any CPU
		{62ED8430-5263-442D-9D2F-62B92E9DC528}.Debug Static Lib|Win32.ActiveCfg = Debug|Any CPU
		{62ED8430-5263-442D-9D2F-62B92E9DC528}.Debug Static Lib|x64.ActiveCfg = Debug|x64
		{62ED8430-5263-442D-9D2F-62B92E9DC528}.Debug Static Lib|x64.Build.0 = Debug|x64
		{62ED8430-5263-442D-9D2F-62B92E9DC528}.Debug|Any CPU.ActiveCfg = Debug|Any CPU
		{62ED8430-5263-442D-9D2F-62B92E9DC528}.Debug|Any CPU.Build.0 = Debug|Any CPU
		{62ED8430-5263-442D-9D2F-62B92E9DC528}.Debug|Mixed Platforms.ActiveCfg = Debug|Any CPU
		{62ED8430-5263-442D-9D2F-62B92E9DC528}.Debug|Mixed Platforms.Build.0 = Debug|Any CPU
		{62ED8430-5263-442D-9D2F-62B92E9DC528}.Debug|Win32.ActiveCfg = Debug|Any CPU
		{62ED8430-5263-442D-9D2F-62B92E9DC528}.Debug|x64.ActiveCfg = Debug|x64
		{62ED8430-5263-442D-9D2F-62B92E9DC528}.Debug|x64.Build.0 = Debug|x64
		{62ED8430-5263-442D-9D2F-62B92E9DC528}.Release Static Lib|Any CPU.ActiveCfg = Release|Any CPU
		{62ED8430-5263-442D-9D2F-62B92E9DC528}.Release Static Lib|Any CPU.Build.0 = Release|Any CPU
		{62ED8430-5263-442D-9D2F-62B92E9DC528}.Release Static Lib|Mixed Platforms.ActiveCfg = Release|Any CPU
		{62ED8430-5263-442D-9D2F-62B92E9DC528}.Release Static Lib|Mixed Platforms.Build.0 = Release|Any CPU
		{62ED8430-5263-442D-9D2F-62B92E9DC528}.Release Static Lib|Win32.ActiveCfg = Release|Any CPU
		{62ED8430-5263-442D-9D2F-62B92E9DC528}.Release Static Lib|x64.ActiveCfg = Release|x64
		{62ED8430-5263-442D-9D2F-62B92E9DC528}.Release Static Lib|x64.Build.0 = Release|x64
		{62ED8430-5263-442D-9D2F-62B92E9DC528}.Release|Any CPU.ActiveCfg = Release|Any CPU
		{62ED8430-5263-442D-9D2F-62B92E9DC528}.Release|Any CPU.Build.0 = Release|Any CPU
		{62ED8430-5263-442D-9D2F-62B92E9DC528}.Release|Mixed Platforms.ActiveCfg = Release|Any CPU
		{62ED8430-5263-442D-9D2F-62B92E9DC528}.Release|Mixed Platforms.Build.0 = Release|Any CPU
		{62ED8430-5263-442D-9D2F-62B92E9DC528}.Release|Win32.ActiveCfg = Release|Any CPU
		{62ED8430-5263-442D-9D2F-62B92E9DC528}.Release|x64.ActiveCfg = Release|x64
		{62ED8430-5263-442D-9D2F-62B92E9DC528}.Release|x64.Build.0 = Release|x64
		{12D3FB9F-85B8-4FFA-AA2B-F21187F4C7A0}.Debug Static Lib|Any CPU.ActiveCfg = Debug|Any CPU
		{12D3FB9F-85B8-4FFA-AA2B-F21187F4C7A0}.Debug Static Lib|Any CPU.Build.0 = Debug|Any CPU
		{12D3FB9F-85B8-4FFA-AA2B-F21187F4C7A0}.Debug Static Lib|Mixed Platforms.ActiveCfg = Debug|Any CPU
		{12D3FB9F-85B8-4FFA-AA2B-F21187F4C7A0}.Debug Static Lib|Mixed Platforms.Build.0 = Debug|Any CPU
		{12D3FB9F-85B8-4FFA-AA2B-F21187F4C7A0}.Debug Static Lib|Win32.ActiveCfg = Debug|Any CPU
		{12D3FB9F-85B8-4FFA-AA2B-F21187F4C7A0}.Debug Static Lib|x64.ActiveCfg = Debug|x64
		{12D3FB9F-85B8-4FFA-AA2B-F21187F4C7A0}.Debug Static Lib|x64.Build.0 = Debug|x64
		{12D3FB9F-85B8-4FFA-AA2B-F21187F4C7A0}.Debug|Any CPU.ActiveCfg = Debug|Any CPU
		{12D3FB9F-85B8-4FFA-AA2B-F21187F4C7A0}.Debug|Any CPU.Build.0 = Debug|Any CPU
		{12D3FB9F-85B8-4FFA-AA2B-F21187F4C7A0}.Debug|Mixed Platforms.ActiveCfg = Debug|Any CPU
		{12D3FB9F-85B8-4FFA-AA2B-F21187F4C7A0}.Debug|Mixed Platforms.Build.0 = Debug|Any CPU
		{12D3FB9F-85B8-4FFA-AA2B-F21187F4C7A0}.Debug|Win32.ActiveCfg = Debug|Any CPU
		{12D3FB9F-85B8-4FFA-AA2B-F21187F4C7A0}.Debug|x64.ActiveCfg = Debug|Any CPU
		{12D3FB9F-85B8-4FFA-AA2B-F21187F4C7A0}.Release Static Lib|Any CPU.ActiveCfg = Release|Any CPU
		{12D3FB9F-85B8-4FFA-AA2B-F21187F4C7A0}.Release Static Lib|Any CPU.Build.0 = Release|Any CPU
		{12D3FB9F-85B8-4FFA-AA2B-F21187F4C7A0}.Release Static Lib|Mixed Platforms.ActiveCfg = Release|Any CPU
		{12D3FB9F-85B8-4FFA-AA2B-F21187F4C7A0}.Release Static Lib|Mixed Platforms.Build.0 = Release|Any CPU
		{12D3FB9F-85B8-4FFA-AA2B-F21187F4C7A0}.Release Static Lib|Win32.ActiveCfg = Release|Any CPU
		{12D3FB9F-85B8-4FFA-AA2B-F21187F4C7A0}.Release Static Lib|x64.ActiveCfg = Release|x64
		{12D3FB9F-85B8-4FFA-AA2B-F21187F4C7A0}.Release Static Lib|x64.Build.0 = Release|x64
		{12D3FB9F-85B8-4FFA-AA2B-F21187F4C7A0}.Release|Any CPU.ActiveCfg = Release|Any CPU
		{12D3FB9F-85B8-4FFA-AA2B-F21187F4C7A0}.Release|Any CPU.Build.0 = Release|Any CPU
		{12D3FB9F-85B8-4FFA-AA2B-F21187F4C7A0}.Release|Mixed Platforms.ActiveCfg = Release|Any CPU
		{12D3FB9F-85B8-4FFA-AA2B-F21187F4C7A0}.Release|Mixed Platforms.Build.0 = Release|Any CPU
		{12D3FB9F-85B8-4FFA-AA2B-F21187F4C7A0}.Release|Win32.ActiveCfg = Release|Any CPU
		{12D3FB9F-85B8-4FFA-AA2B-F21187F4C7A0}.Release|x64.ActiveCfg = Release|x64
		{12D3FB9F-85B8-4FFA-AA2B-F21187F4C7A0}.Release|x64.Build.0 = Release|x64
		{A9AE40FF-1A21-414A-9FE7-3BE13644CC6D}.Debug Static Lib|Any CPU.ActiveCfg = Debug|Any CPU
		{A9AE40FF-1A21-414A-9FE7-3BE13644CC6D}.Debug Static Lib|Any CPU.Build.0 = Debug|Any CPU
		{A9AE40FF-1A21-414A-9FE7-3BE13644CC6D}.Debug Static Lib|Mixed Platforms.ActiveCfg = Debug|Any CPU
		{A9AE40FF-1A21-414A-9FE7-3BE13644CC6D}.Debug Static Lib|Mixed Platforms.Build.0 = Debug|Any CPU
		{A9AE40FF-1A21-414A-9FE7-3BE13644CC6D}.Debug Static Lib|Win32.ActiveCfg = Debug|Any CPU
		{A9AE40FF-1A21-414A-9FE7-3BE13644CC6D}.Debug Static Lib|x64.ActiveCfg = Debug|x64
		{A9AE40FF-1A21-414A-9FE7-3BE13644CC6D}.Debug Static Lib|x64.Build.0 = Debug|x64
		{A9AE40FF-1A21-414A-9FE7-3BE13644CC6D}.Debug|Any CPU.ActiveCfg = Debug|Any CPU
		{A9AE40FF-1A21-414A-9FE7-3BE13644CC6D}.Debug|Any CPU.Build.0 = Debug|Any CPU
		{A9AE40FF-1A21-414A-9FE7-3BE13644CC6D}.Debug|Mixed Platforms.ActiveCfg = Debug|Any CPU
		{A9AE40FF-1A21-414A-9FE7-3BE13644CC6D}.Debug|Mixed Platforms.Build.0 = Debug|Any CPU
		{A9AE40FF-1A21-414A-9FE7-3BE13644CC6D}.Debug|Win32.ActiveCfg = Debug|Any CPU
		{A9AE40FF-1A21-414A-9FE7-3BE13644CC6D}.Debug|x64.ActiveCfg = Debug|Any CPU
		{A9AE40FF-1A21-414A-9FE7-3BE13644CC6D}.Release Static Lib|Any CPU.ActiveCfg = Release|Any CPU
		{A9AE40FF-1A21-414A-9FE7-3BE13644CC6D}.Release Static Lib|Any CPU.Build.0 = Release|Any CPU
		{A9AE40FF-1A21-414A-9FE7-3BE13644CC6D}.Release Static Lib|Mixed Platforms.ActiveCfg = Release|Any CPU
		{A9AE40FF-1A21-414A-9FE7-3BE13644CC6D}.Release Static Lib|Mixed Platforms.Build.0 = Release|Any CPU
		{A9AE40FF-1A21-414A-9FE7-3BE13644CC6D}.Release Static Lib|Win32.ActiveCfg = Release|Any CPU
		{A9AE40FF-1A21-414A-9FE7-3BE13644CC6D}.Release Static Lib|x64.ActiveCfg = Release|x64
		{A9AE40FF-1A21-414A-9FE7-3BE13644CC6D}.Release Static Lib|x64.Build.0 = Release|x64
		{A9AE40FF-1A21-414A-9FE7-3BE13644CC6D}.Release|Any CPU.ActiveCfg = Release|Any CPU
		{A9AE40FF-1A21-414A-9FE7-3BE13644CC6D}.Release|Any CPU.Build.0 = Release|Any CPU
		{A9AE40FF-1A21-414A-9FE7-3BE13644CC6D}.Release|Mixed Platforms.ActiveCfg = Release|Any CPU
		{A9AE40FF-1A21-414A-9FE7-3BE13644CC6D}.Release|Mixed Platforms.Build.0 = Release|Any CPU
		{A9AE40FF-1A21-414A-9FE7-3BE13644CC6D}.Release|Win32.ActiveCfg = Release|Any CPU
		{A9AE40FF-1A21-414A-9FE7-3BE13644CC6D}.Release|x64.ActiveCfg = Release|x64
		{A9AE40FF-1A21-414A-9FE7-3BE13644CC6D}.Release|x64.Build.0 = Release|x64
		{246588D3-1C3E-4E82-98D5-69DA8FF76DA5}.Debug Static Lib|Any CPU.ActiveCfg = Debug|Any CPU
		{246588D3-1C3E-4E82-98D5-69DA8FF76DA5}.Debug Static Lib|Any CPU.Build.0 = Debug|Any CPU
		{246588D3-1C3E-4E82-98D5-69DA8FF76DA5}.Debug Static Lib|Mixed Platforms.ActiveCfg = Debug|Any CPU
		{246588D3-1C3E-4E82-98D5-69DA8FF76DA5}.Debug Static Lib|Mixed Platforms.Build.0 = Debug|Any CPU
		{246588D3-1C3E-4E82-98D5-69DA8FF76DA5}.Debug Static Lib|Win32.ActiveCfg = Debug|Any CPU
		{246588D3-1C3E-4E82-98D5-69DA8FF76DA5}.Debug Static Lib|x64.ActiveCfg = Debug|x64
		{246588D3-1C3E-4E82-98D5-69DA8FF76DA5}.Debug Static Lib|x64.Build.0 = Debug|x64
		{246588D3-1C3E-4E82-98D5-69DA8FF76DA5}.Debug|Any CPU.ActiveCfg = Debug|Any CPU
		{246588D3-1C3E-4E82-98D5-69DA8FF76DA5}.Debug|Any CPU.Build.0 = Debug|Any CPU
		{246588D3-1C3E-4E82-98D5-69DA8FF76DA5}.Debug|Mixed Platforms.ActiveCfg = Debug|Any CPU
		{246588D3-1C3E-4E82-98D5-69DA8FF76DA5}.Debug|Mixed Platforms.Build.0 = Debug|Any CPU
		{246588D3-1C3E-4E82-98D5-69DA8FF76DA5}.Debug|Win32.ActiveCfg = Debug|Any CPU
		{246588D3-1C3E-4E82-98D5-69DA8FF76DA5}.Debug|x64.ActiveCfg = Debug|Any CPU
		{246588D3-1C3E-4E82-98D5-69DA8FF76DA5}.Release Static Lib|Any CPU.ActiveCfg = Release|Any CPU
		{246588D3-1C3E-4E82-98D5-69DA8FF76DA5}.Release Static Lib|Any CPU.Build.0 = Release|Any CPU
		{246588D3-1C3E-4E82-98D5-69DA8FF76DA5}.Release Static Lib|Mixed Platforms.ActiveCfg = Release|Any CPU
		{246588D3-1C3E-4E82-98D5-69DA8FF76DA5}.Release Static Lib|Mixed Platforms.Build.0 = Release|Any CPU
		{246588D3-1C3E-4E82-98D5-69DA8FF76DA5}.Release Static Lib|Win32.ActiveCfg = Release|Any CPU
		{246588D3-1C3E-4E82-98D5-69DA8FF76DA5}.Release Static Lib|x64.ActiveCfg = Release|x64
		{246588D3-1C3E-4E82-98D5-69DA8FF76DA5}.Release Static Lib|x64.Build.0 = Release|x64
		{246588D3-1C3E-4E82-98D5-69DA8FF76DA5}.Release|Any CPU.ActiveCfg = Release|Any CPU
		{246588D3-1C3E-4E82-98D5-69DA8FF76DA5}.Release|Any CPU.Build.0 = Release|Any CPU
		{246588D3-1C3E-4E82-98D5-69DA8FF76DA5}.Release|Mixed Platforms.ActiveCfg = Release|Any CPU
		{246588D3-1C3E-4E82-98D5-69DA8FF76DA5}.Release|Mixed Platforms.Build.0 = Release|Any CPU
		{246588D3-1C3E-4E82-98D5-69DA8FF76DA5}.Release|Win32.ActiveCfg = Release|Any CPU
		{246588D3-1C3E-4E82-98D5-69DA8FF76DA5}.Release|x64.ActiveCfg = Release|x64
		{246588D3-1C3E-4E82-98D5-69DA8FF76DA5}.Release|x64.Build.0 = Release|x64
		{CA5A98DC-0E4F-4B99-9277-CCA429310109}.Debug Static Lib|Any CPU.ActiveCfg = Debug|Any CPU
		{CA5A98DC-0E4F-4B99-9277-CCA429310109}.Debug Static Lib|Any CPU.Build.0 = Debug|Any CPU
		{CA5A98DC-0E4F-4B99-9277-CCA429310109}.Debug Static Lib|Mixed Platforms.ActiveCfg = Debug|Any CPU
		{CA5A98DC-0E4F-4B99-9277-CCA429310109}.Debug Static Lib|Mixed Platforms.Build.0 = Debug|Any CPU
		{CA5A98DC-0E4F-4B99-9277-CCA429310109}.Debug Static Lib|Win32.ActiveCfg = Debug|Any CPU
		{CA5A98DC-0E4F-4B99-9277-CCA429310109}.Debug Static Lib|x64.ActiveCfg = Debug|x64
		{CA5A98DC-0E4F-4B99-9277-CCA429310109}.Debug Static Lib|x64.Build.0 = Debug|x64
		{CA5A98DC-0E4F-4B99-9277-CCA429310109}.Debug|Any CPU.ActiveCfg = Debug|Any CPU
		{CA5A98DC-0E4F-4B99-9277-CCA429310109}.Debug|Any CPU.Build.0 = Debug|Any CPU
		{CA5A98DC-0E4F-4B99-9277-CCA429310109}.Debug|Mixed Platforms.ActiveCfg = Debug|Any CPU
		{CA5A98DC-0E4F-4B99-9277-CCA429310109}.Debug|Mixed Platforms.Build.0 = Debug|Any CPU
		{CA5A98DC-0E4F-4B99-9277-CCA429310109}.Debug|Win32.ActiveCfg = Debug|Any CPU
		{CA5A98DC-0E4F-4B99-9277-CCA429310109}.Debug|x64.ActiveCfg = Debug|Any CPU
		{CA5A98DC-0E4F-4B99-9277-CCA429310109}.Release Static Lib|Any CPU.ActiveCfg = Release|Any CPU
		{CA5A98DC-0E4F-4B99-9277-CCA429310109}.Release Static Lib|Any CPU.Build.0 = Release|Any CPU
		{CA5A98DC-0E4F-4B99-9277-CCA429310109}.Release Static Lib|Mixed Platforms.ActiveCfg = Release|Any CPU
		{CA5A98DC-0E4F-4B99-9277-CCA429310109}.Release Static Lib|Mixed Platforms.Build.0 = Release|Any CPU
		{CA5A98DC-0E4F-4B99-9277-CCA429310109}.Release Static Lib|Win32.ActiveCfg = Release|Any CPU
		{CA5A98DC-0E4F-4B99-9277-CCA429310109}.Release Static Lib|x64.ActiveCfg = Release|x64
		{CA5A98DC-0E4F-4B99-9277-CCA429310109}.Release Static Lib|x64.Build.0 = Release|x64
		{CA5A98DC-0E4F-4B99-9277-CCA429310109}.Release|Any CPU.ActiveCfg = Release|Any CPU
		{CA5A98DC-0E4F-4B99-9277-CCA429310109}.Release|Any CPU.Build.0 = Release|Any CPU
		{CA5A98DC-0E4F-4B99-9277-CCA429310109}.Release|Mixed Platforms.ActiveCfg = Release|Any CPU
		{CA5A98DC-0E4F-4B99-9277-CCA429310109}.Release|Mixed Platforms.Build.0 = Release|Any CPU
		{CA5A98DC-0E4F-4B99-9277-CCA429310109}.Release|Win32.ActiveCfg = Release|Any CPU
		{CA5A98DC-0E4F-4B99-9277-CCA429310109}.Release|x64.ActiveCfg = Release|x64
		{CA5A98DC-0E4F-4B99-9277-CCA429310109}.Release|x64.Build.0 = Release|x64
		{18D7CF69-9112-49B8-8A4E-2A07094F46FF}.Debug Static Lib|Any CPU.ActiveCfg = Debug|Any CPU
		{18D7CF69-9112-49B8-8A4E-2A07094F46FF}.Debug Static Lib|Any CPU.Build.0 = Debug|Any CPU
		{18D7CF69-9112-49B8-8A4E-2A07094F46FF}.Debug Static Lib|Mixed Platforms.ActiveCfg = Debug|Any CPU
		{18D7CF69-9112-49B8-8A4E-2A07094F46FF}.Debug Static Lib|Mixed Platforms.Build.0 = Debug|Any CPU
		{18D7CF69-9112-49B8-8A4E-2A07094F46FF}.Debug Static Lib|Win32.ActiveCfg = Debug|Any CPU
		{18D7CF69-9112-49B8-8A4E-2A07094F46FF}.Debug Static Lib|x64.ActiveCfg = Debug|x64
		{18D7CF69-9112-49B8-8A4E-2A07094F46FF}.Debug Static Lib|x64.Build.0 = Debug|x64
		{18D7CF69-9112-49B8-8A4E-2A07094F46FF}.Debug|Any CPU.ActiveCfg = Debug|Any CPU
		{18D7CF69-9112-49B8-8A4E-2A07094F46FF}.Debug|Any CPU.Build.0 = Debug|Any CPU
		{18D7CF69-9112-49B8-8A4E-2A07094F46FF}.Debug|Mixed Platforms.ActiveCfg = Debug|Any CPU
		{18D7CF69-9112-49B8-8A4E-2A07094F46FF}.Debug|Mixed Platforms.Build.0 = Debug|Any CPU
		{18D7CF69-9112-49B8-8A4E-2A07094F46FF}.Debug|Win32.ActiveCfg = Debug|Any CPU
		{18D7CF69-9112-49B8-8A4E-2A07094F46FF}.Debug|x64.ActiveCfg = Debug|Any CPU
		{18D7CF69-9112-49B8-8A4E-2A07094F46FF}.Release Static Lib|Any CPU.ActiveCfg = Release|Any CPU
		{18D7CF69-9112-49B8-8A4E-2A07094F46FF}.Release Static Lib|Any CPU.Build.0 = Release|Any CPU
		{18D7CF69-9112-49B8-8A4E-2A07094F46FF}.Release Static Lib|Mixed Platforms.ActiveCfg = Release|Any CPU
		{18D7CF69-9112-49B8-8A4E-2A07094F46FF}.Release Static Lib|Mixed Platforms.Build.0 = Release|Any CPU
		{18D7CF69-9112-49B8-8A4E-2A07094F46FF}.Release Static Lib|Win32.ActiveCfg = Release|Any CPU
		{18D7CF69-9112-49B8-8A4E-2A07094F46FF}.Release Static Lib|x64.ActiveCfg = Release|x64
		{18D7CF69-9112-49B8-8A4E-2A07094F46FF}.Release Static Lib|x64.Build.0 = Release|x64
		{18D7CF69-9112-49B8-8A4E-2A07094F46FF}.Release|Any CPU.ActiveCfg = Release|Any CPU
		{18D7CF69-9112-49B8-8A4E-2A07094F46FF}.Release|Any CPU.Build.0 = Release|Any CPU
		{18D7CF69-9112-49B8-8A4E-2A07094F46FF}.Release|Mixed Platforms.ActiveCfg = Release|Any CPU
		{18D7CF69-9112-49B8-8A4E-2A07094F46FF}.Release|Mixed Platforms.Build.0 = Release|Any CPU
		{18D7CF69-9112-49B8-8A4E-2A07094F46FF}.Release|Win32.ActiveCfg = Release|Any CPU
		{18D7CF69-9112-49B8-8A4E-2A07094F46FF}.Release|x64.ActiveCfg = Release|x64
		{18D7CF69-9112-49B8-8A4E-2A07094F46FF}.Release|x64.Build.0 = Release|x64
		{F022438B-480E-488A-A168-A9939BE72D3C}.Debug Static Lib|Any CPU.ActiveCfg = Debug|Any CPU
		{F022438B-480E-488A-A168-A9939BE72D3C}.Debug Static Lib|Any CPU.Build.0 = Debug|Any CPU
		{F022438B-480E-488A-A168-A9939BE72D3C}.Debug Static Lib|Mixed Platforms.ActiveCfg = Debug|Any CPU
		{F022438B-480E-488A-A168-A9939BE72D3C}.Debug Static Lib|Mixed Platforms.Build.0 = Debug|Any CPU
		{F022438B-480E-488A-A168-A9939BE72D3C}.Debug Static Lib|Win32.ActiveCfg = Debug|Any CPU
		{F022438B-480E-488A-A168-A9939BE72D3C}.Debug Static Lib|x64.ActiveCfg = Debug|Any CPU
		{F022438B-480E-488A-A168-A9939BE72D3C}.Debug|Any CPU.ActiveCfg = Debug|Any CPU
		{F022438B-480E-488A-A168-A9939BE72D3C}.Debug|Any CPU.Build.0 = Debug|Any CPU
		{F022438B-480E-488A-A168-A9939BE72D3C}.Debug|Mixed Platforms.ActiveCfg = Debug|Any CPU
		{F022438B-480E-488A-A168-A9939BE72D3C}.Debug|Mixed Platforms.Build.0 = Debug|Any CPU
		{F022438B-480E-488A-A168-A9939BE72D3C}.Debug|Win32.ActiveCfg = Debug|Any CPU
		{F022438B-480E-488A-A168-A9939BE72D3C}.Debug|x64.ActiveCfg = Debug|Any CPU
		{F022438B-480E-488A-A168-A9939BE72D3C}.Release Static Lib|Any CPU.ActiveCfg = Release|Any CPU
		{F022438B-480E-488A-A168-A9939BE72D3C}.Release Static Lib|Any CPU.Build.0 = Release|Any CPU
		{F022438B-480E-488A-A168-A9939BE72D3C}.Release Static Lib|Mixed Platforms.ActiveCfg = Release|Any CPU
		{F022438B-480E-488A-A168-A9939BE72D3C}.Release Static Lib|Mixed Platforms.Build.0 = Release|Any CPU
		{F022438B-480E-488A-A168-A9939BE72D3C}.Release Static Lib|Win32.ActiveCfg = Release|Any CPU
		{F022438B-480E-488A-A168-A9939BE72D3C}.Release Static Lib|x64.ActiveCfg = Release|Any CPU
		{F022438B-480E-488A-A168-A9939BE72D3C}.Release|Any CPU.ActiveCfg = Release|Any CPU
		{F022438B-480E-488A-A168-A9939BE72D3C}.Release|Any CPU.Build.0 = Release|Any CPU
		{F022438B-480E-488A-A168-A9939BE72D3C}.Release|Mixed Platforms.ActiveCfg = Release|Any CPU
		{F022438B-480E-488A-A168-A9939BE72D3C}.Release|Mixed Platforms.Build.0 = Release|Any CPU
		{F022438B-480E-488A-A168-A9939BE72D3C}.Release|Win32.ActiveCfg = Release|Any CPU
		{F022438B-480E-488A-A168-A9939BE72D3C}.Release|x64.ActiveCfg = Release|Any CPU
	EndGlobalSection
	GlobalSection(SolutionProperties) = preSolution
		HideSolutionNode = FALSE
	EndGlobalSection
EndGlobal
